
Microsoft Visual Studio Solution File, Format Version 12.00
# Visual Studio Version 17
VisualStudioVersion = 17.3.32929.385
MinimumVisualStudioVersion = 10.0.40219.1
Project("{9A19103F-16F7-4668-BE54-9A1E7A4F7556}") = "Vtitbid.ISP20.Polyakova.Route.sln", "Vtitbid.ISP20.Polyakova.Route.sln\Vtitbid.ISP20.Polyakova.Route.sln.csproj", "{B32F2013-992C-4ECB-8489-B03C3CE810EE}"
EndProject
Project("{9A19103F-16F7-4668-BE54-9A1E7A4F7556}") = "Vtitbid.ISP20.Polyakova.TaskZodiac", "Vtitbid.ISP20.Polyakova.TaskZodiac\Vtitbid.ISP20.Polyakova.TaskZodiac.csproj", "{A12C647B-828A-4CFB-A592-9A1F5805A362}"
EndProject
Global
	GlobalSection(SolutionConfigurationPlatforms) = preSolution
		Debug|Any CPU = Debug|Any CPU
		Release|Any CPU = Release|Any CPU
	EndGlobalSection
	GlobalSection(ProjectConfigurationPlatforms) = postSolution
		{B32F2013-992C-4ECB-8489-B03C3CE810EE}.Debug|Any CPU.ActiveCfg = Debug|Any CPU
		{B32F2013-992C-4ECB-8489-B03C3CE810EE}.Debug|Any CPU.Build.0 = Debug|Any CPU
		{B32F2013-992C-4ECB-8489-B03C3CE810EE}.Release|Any CPU.ActiveCfg = Release|Any CPU
		{B32F2013-992C-4ECB-8489-B03C3CE810EE}.Release|Any CPU.Build.0 = Release|Any CPU
		{A12C647B-828A-4CFB-A592-9A1F5805A362}.Debug|Any CPU.ActiveCfg = Debug|Any CPU
		{A12C647B-828A-4CFB-A592-9A1F5805A362}.Debug|Any CPU.Build.0 = Debug|Any CPU
		{A12C647B-828A-4CFB-A592-9A1F5805A362}.Release|Any CPU.ActiveCfg = Release|Any CPU
		{A12C647B-828A-4CFB-A592-9A1F5805A362}.Release|Any CPU.Build.0 = Release|Any CPU
	EndGlobalSection
	GlobalSection(SolutionProperties) = preSolution
		HideSolutionNode = FALSE
	EndGlobalSection
	GlobalSection(ExtensibilityGlobals) = postSolution
		SolutionGuid = {D9996F42-9D01-4972-8DE0-3D212C7BC22E}
	EndGlobalSection
EndGlobal
